// !$*UTF8*$!
{
	archiveVersion = 1;
	classes = {
	};
	objectVersion = 56;
	objects = {

/* Begin PBXBuildFile section */
		BF5A369F2A0D3954001A3C27 /* GameRockPaperScissorsSwiftUIApp.swift in Sources */ = {isa = PBXBuildFile; fileRef = BF5A369E2A0D3954001A3C27 /* GameRockPaperScissorsSwiftUIApp.swift */; };
		BF5A36A12A0D3954001A3C27 /* ContentView.swift in Sources */ = {isa = PBXBuildFile; fileRef = BF5A36A02A0D3954001A3C27 /* ContentView.swift */; };
		BF5A36A32A0D3956001A3C27 /* Assets.xcassets in Resources */ = {isa = PBXBuildFile; fileRef = BF5A36A22A0D3956001A3C27 /* Assets.xcassets */; };
		BF5A36A62A0D3956001A3C27 /* Preview Assets.xcassets in Resources */ = {isa = PBXBuildFile; fileRef = BF5A36A52A0D3956001A3C27 /* Preview Assets.xcassets */; };
		BF5A36B02A0D3956001A3C27 /* GameRockPaperScissorsSwiftUITests.swift in Sources */ = {isa = PBXBuildFile; fileRef = BF5A36AF2A0D3956001A3C27 /* GameRockPaperScissorsSwiftUITests.swift */; };
		BF5A36BA2A0D3956001A3C27 /* GameRockPaperScissorsSwiftUIUITests.swift in Sources */ = {isa = PBXBuildFile; fileRef = BF5A36B92A0D3956001A3C27 /* GameRockPaperScissorsSwiftUIUITests.swift */; };
		BF5A36BC2A0D3956001A3C27 /* GameRockPaperScissorsSwiftUIUITestsLaunchTests.swift in Sources */ = {isa = PBXBuildFile; fileRef = BF5A36BB2A0D3956001A3C27 /* GameRockPaperScissorsSwiftUIUITestsLaunchTests.swift */; };
		BF5A36C92A0D39B3001A3C27 /* MultiPlayer.swift in Sources */ = {isa = PBXBuildFile; fileRef = BF5A36C82A0D39B3001A3C27 /* MultiPlayer.swift */; };
		BF5A36CB2A0D39C0001A3C27 /* SinglePlayer.swift in Sources */ = {isa = PBXBuildFile; fileRef = BF5A36CA2A0D39C0001A3C27 /* SinglePlayer.swift */; };
		BF5A36CD2A0D39CC001A3C27 /* Enums.swift in Sources */ = {isa = PBXBuildFile; fileRef = BF5A36CC2A0D39CC001A3C27 /* Enums.swift */; };
		BF5A36CF2A0D39E5001A3C27 /* ChoiceButton.swift in Sources */ = {isa = PBXBuildFile; fileRef = BF5A36CE2A0D39E5001A3C27 /* ChoiceButton.swift */; };
		BF5A36D12A0D39F7001A3C27 /* ResultButton.swift in Sources */ = {isa = PBXBuildFile; fileRef = BF5A36D02A0D39F7001A3C27 /* ResultButton.swift */; };
		BF5A36D32A0D3A05001A3C27 /* PurpleButton.swift in Sources */ = {isa = PBXBuildFile; fileRef = BF5A36D22A0D3A05001A3C27 /* PurpleButton.swift */; };
		BF5A36D52A0D3A12001A3C27 /* DottedSpinner.swift in Sources */ = {isa = PBXBuildFile; fileRef = BF5A36D42A0D3A12001A3C27 /* DottedSpinner.swift */; };
/* End PBXBuildFile section */

/* Begin PBXContainerItemProxy section */
		BF5A36AC2A0D3956001A3C27 /* PBXContainerItemProxy */ = {
			isa = PBXContainerItemProxy;
			containerPortal = BF5A36932A0D3954001A3C27 /* Project object */;
			proxyType = 1;
			remoteGlobalIDString = BF5A369A2A0D3954001A3C27;
			remoteInfo = GameRockPaperScissorsSwiftUI;
		};
		BF5A36B62A0D3956001A3C27 /* PBXContainerItemProxy */ = {
			isa = PBXContainerItemProxy;
			containerPortal = BF5A36932A0D3954001A3C27 /* Project object */;
			proxyType = 1;
			remoteGlobalIDString = BF5A369A2A0D3954001A3C27;
			remoteInfo = GameRockPaperScissorsSwiftUI;
		};
/* End PBXContainerItemProxy section */

/* Begin PBXFileReference section */
		BF5A369B2A0D3954001A3C27 /* GameRockPaperScissorsSwiftUI.app */ = {isa = PBXFileReference; explicitFileType = wrapper.application; includeInIndex = 0; path = GameRockPaperScissorsSwiftUI.app; sourceTree = BUILT_PRODUCTS_DIR; };
		BF5A369E2A0D3954001A3C27 /* GameRockPaperScissorsSwiftUIApp.swift */ = {isa = PBXFileReference; lastKnownFileType = sourcecode.swift; path = GameRockPaperScissorsSwiftUIApp.swift; sourceTree = "<group>"; };
		BF5A36A02A0D3954001A3C27 /* ContentView.swift */ = {isa = PBXFileReference; lastKnownFileType = sourcecode.swift; path = ContentView.swift; sourceTree = "<group>"; };
		BF5A36A22A0D3956001A3C27 /* Assets.xcassets */ = {isa = PBXFileReference; lastKnownFileType = folder.assetcatalog; path = Assets.xcassets; sourceTree = "<group>"; };
		BF5A36A52A0D3956001A3C27 /* Preview Assets.xcassets */ = {isa = PBXFileReference; lastKnownFileType = folder.assetcatalog; path = "Preview Assets.xcassets"; sourceTree = "<group>"; };
		BF5A36AB2A0D3956001A3C27 /* GameRockPaperScissorsSwiftUITests.xctest */ = {isa = PBXFileReference; explicitFileType = wrapper.cfbundle; includeInIndex = 0; path = GameRockPaperScissorsSwiftUITests.xctest; sourceTree = BUILT_PRODUCTS_DIR; };
		BF5A36AF2A0D3956001A3C27 /* GameRockPaperScissorsSwiftUITests.swift */ = {isa = PBXFileReference; lastKnownFileType = sourcecode.swift; path = GameRockPaperScissorsSwiftUITests.swift; sourceTree = "<group>"; };
		BF5A36B52A0D3956001A3C27 /* GameRockPaperScissorsSwiftUIUITests.xctest */ = {isa = PBXFileReference; explicitFileType = wrapper.cfbundle; includeInIndex = 0; path = GameRockPaperScissorsSwiftUIUITests.xctest; sourceTree = BUILT_PRODUCTS_DIR; };
		BF5A36B92A0D3956001A3C27 /* GameRockPaperScissorsSwiftUIUITests.swift */ = {isa = PBXFileReference; lastKnownFileType = sourcecode.swift; path = GameRockPaperScissorsSwiftUIUITests.swift; sourceTree = "<group>"; };
		BF5A36BB2A0D3956001A3C27 /* GameRockPaperScissorsSwiftUIUITestsLaunchTests.swift */ = {isa = PBXFileReference; lastKnownFileType = sourcecode.swift; path = GameRockPaperScissorsSwiftUIUITestsLaunchTests.swift; sourceTree = "<group>"; };
		BF5A36C82A0D39B3001A3C27 /* MultiPlayer.swift */ = {isa = PBXFileReference; lastKnownFileType = sourcecode.swift; path = MultiPlayer.swift; sourceTree = "<group>"; };
		BF5A36CA2A0D39C0001A3C27 /* SinglePlayer.swift */ = {isa = PBXFileReference; lastKnownFileType = sourcecode.swift; path = SinglePlayer.swift; sourceTree = "<group>"; };
		BF5A36CC2A0D39CC001A3C27 /* Enums.swift */ = {isa = PBXFileReference; lastKnownFileType = sourcecode.swift; path = Enums.swift; sourceTree = "<group>"; };
		BF5A36CE2A0D39E5001A3C27 /* ChoiceButton.swift */ = {isa = PBXFileReference; lastKnownFileType = sourcecode.swift; path = ChoiceButton.swift; sourceTree = "<group>"; };
		BF5A36D02A0D39F7001A3C27 /* ResultButton.swift */ = {isa = PBXFileReference; lastKnownFileType = sourcecode.swift; path = ResultButton.swift; sourceTree = "<group>"; };
		BF5A36D22A0D3A05001A3C27 /* PurpleButton.swift */ = {isa = PBXFileReference; lastKnownFileType = sourcecode.swift; path = PurpleButton.swift; sourceTree = "<group>"; };
		BF5A36D42A0D3A12001A3C27 /* DottedSpinner.swift */ = {isa = PBXFileReference; lastKnownFileType = sourcecode.swift; path = DottedSpinner.swift; sourceTree = "<group>"; };
/* End PBXFileReference section */

/* Begin PBXFrameworksBuildPhase section */
		BF5A36982A0D3954001A3C27 /* Frameworks */ = {
			isa = PBXFrameworksBuildPhase;
			buildActionMask = 2147483647;
			files = (
			);
			runOnlyForDeploymentPostprocessing = 0;
		};
		BF5A36A82A0D3956001A3C27 /* Frameworks */ = {
			isa = PBXFrameworksBuildPhase;
			buildActionMask = 2147483647;
			files = (
			);
			runOnlyForDeploymentPostprocessing = 0;
		};
		BF5A36B22A0D3956001A3C27 /* Frameworks */ = {
			isa = PBXFrameworksBuildPhase;
			buildActionMask = 2147483647;
			files = (
			);
			runOnlyForDeploymentPostprocessing = 0;
		};
/* End PBXFrameworksBuildPhase section */

/* Begin PBXGroup section */
		BF5A36922A0D3954001A3C27 = {
			isa = PBXGroup;
			children = (
				BF5A369D2A0D3954001A3C27 /* GameRockPaperScissorsSwiftUI */,
				BF5A36AE2A0D3956001A3C27 /* GameRockPaperScissorsSwiftUITests */,
				BF5A36B82A0D3956001A3C27 /* GameRockPaperScissorsSwiftUIUITests */,
				BF5A369C2A0D3954001A3C27 /* Products */,
			);
			sourceTree = "<group>";
		};
		BF5A369C2A0D3954001A3C27 /* Products */ = {
			isa = PBXGroup;
			children = (
				BF5A369B2A0D3954001A3C27 /* GameRockPaperScissorsSwiftUI.app */,
				BF5A36AB2A0D3956001A3C27 /* GameRockPaperScissorsSwiftUITests.xctest */,
				BF5A36B52A0D3956001A3C27 /* GameRockPaperScissorsSwiftUIUITests.xctest */,
			);
			name = Products;
			sourceTree = "<group>";
		};
		BF5A369D2A0D3954001A3C27 /* GameRockPaperScissorsSwiftUI */ = {
			isa = PBXGroup;
			children = (
				BF5A369E2A0D3954001A3C27 /* GameRockPaperScissorsSwiftUIApp.swift */,
				BF5A36D62A0D3A2F001A3C27 /* Buttons */,
				BF5A36A02A0D3954001A3C27 /* ContentView.swift */,
				BF5A36C82A0D39B3001A3C27 /* MultiPlayer.swift */,
				BF5A36CA2A0D39C0001A3C27 /* SinglePlayer.swift */,
				BF5A36CC2A0D39CC001A3C27 /* Enums.swift */,
				BF5A36D42A0D3A12001A3C27 /* DottedSpinner.swift */,
				BF5A36A22A0D3956001A3C27 /* Assets.xcassets */,
				BF5A36A42A0D3956001A3C27 /* Preview Content */,
			);
			path = GameRockPaperScissorsSwiftUI;
			sourceTree = "<group>";
		};
		BF5A36A42A0D3956001A3C27 /* Preview Content */ = {
			isa = PBXGroup;
			children = (
				BF5A36A52A0D3956001A3C27 /* Preview Assets.xcassets */,
			);
			path = "Preview Content";
			sourceTree = "<group>";
		};
		BF5A36AE2A0D3956001A3C27 /* GameRockPaperScissorsSwiftUITests */ = {
			isa = PBXGroup;
			children = (
				BF5A36AF2A0D3956001A3C27 /* GameRockPaperScissorsSwiftUITests.swift */,
			);
			path = GameRockPaperScissorsSwiftUITests;
			sourceTree = "<group>";
		};
		BF5A36B82A0D3956001A3C27 /* GameRockPaperScissorsSwiftUIUITests */ = {
			isa = PBXGroup;
			children = (
				BF5A36B92A0D3956001A3C27 /* GameRockPaperScissorsSwiftUIUITests.swift */,
				BF5A36BB2A0D3956001A3C27 /* GameRockPaperScissorsSwiftUIUITestsLaunchTests.swift */,
			);
			path = GameRockPaperScissorsSwiftUIUITests;
			sourceTree = "<group>";
		};
		BF5A36D62A0D3A2F001A3C27 /* Buttons */ = {
			isa = PBXGroup;
			children = (
				BF5A36CE2A0D39E5001A3C27 /* ChoiceButton.swift */,
				BF5A36D02A0D39F7001A3C27 /* ResultButton.swift */,
				BF5A36D22A0D3A05001A3C27 /* PurpleButton.swift */,
			);
			path = Buttons;
			sourceTree = "<group>";
		};
/* End PBXGroup section */

/* Begin PBXNativeTarget section */
		BF5A369A2A0D3954001A3C27 /* GameRockPaperScissorsSwiftUI */ = {
			isa = PBXNativeTarget;
			buildConfigurationList = BF5A36BF2A0D3956001A3C27 /* Build configuration list for PBXNativeTarget "GameRockPaperScissorsSwiftUI" */;
			buildPhases = (
				BF5A36972A0D3954001A3C27 /* Sources */,
				BF5A36982A0D3954001A3C27 /* Frameworks */,
				BF5A36992A0D3954001A3C27 /* Resources */,
			);
			buildRules = (
			);
			dependencies = (
			);
			name = GameRockPaperScissorsSwiftUI;
			productName = GameRockPaperScissorsSwiftUI;
			productReference = BF5A369B2A0D3954001A3C27 /* GameRockPaperScissorsSwiftUI.app */;
			productType = "com.apple.product-type.application";
		};
		BF5A36AA2A0D3956001A3C27 /* GameRockPaperScissorsSwiftUITests */ = {
			isa = PBXNativeTarget;
			buildConfigurationList = BF5A36C22A0D3956001A3C27 /* Build configuration list for PBXNativeTarget "GameRockPaperScissorsSwiftUITests" */;
			buildPhases = (
				BF5A36A72A0D3956001A3C27 /* Sources */,
				BF5A36A82A0D3956001A3C27 /* Frameworks */,
				BF5A36A92A0D3956001A3C27 /* Resources */,
			);
			buildRules = (
			);
			dependencies = (
				BF5A36AD2A0D3956001A3C27 /* PBXTargetDependency */,
			);
			name = GameRockPaperScissorsSwiftUITests;
			productName = GameRockPaperScissorsSwiftUITests;
			productReference = BF5A36AB2A0D3956001A3C27 /* GameRockPaperScissorsSwiftUITests.xctest */;
			productType = "com.apple.product-type.bundle.unit-test";
		};
		BF5A36B42A0D3956001A3C27 /* GameRockPaperScissorsSwiftUIUITests */ = {
			isa = PBXNativeTarget;
			buildConfigurationList = BF5A36C52A0D3956001A3C27 /* Build configuration list for PBXNativeTarget "GameRockPaperScissorsSwiftUIUITests" */;
			buildPhases = (
				BF5A36B12A0D3956001A3C27 /* Sources */,
				BF5A36B22A0D3956001A3C27 /* Frameworks */,
				BF5A36B32A0D3956001A3C27 /* Resources */,
			);
			buildRules = (
			);
			dependencies = (
				BF5A36B72A0D3956001A3C27 /* PBXTargetDependency */,
			);
			name = GameRockPaperScissorsSwiftUIUITests;
			productName = GameRockPaperScissorsSwiftUIUITests;
			productReference = BF5A36B52A0D3956001A3C27 /* GameRockPaperScissorsSwiftUIUITests.xctest */;
			productType = "com.apple.product-type.bundle.ui-testing";
		};
/* End PBXNativeTarget section */

/* Begin PBXProject section */
		BF5A36932A0D3954001A3C27 /* Project object */ = {
			isa = PBXProject;
			attributes = {
				BuildIndependentTargetsInParallel = 1;
				LastSwiftUpdateCheck = 1420;
				LastUpgradeCheck = 1420;
				TargetAttributes = {
					BF5A369A2A0D3954001A3C27 = {
						CreatedOnToolsVersion = 14.2;
					};
					BF5A36AA2A0D3956001A3C27 = {
						CreatedOnToolsVersion = 14.2;
						TestTargetID = BF5A369A2A0D3954001A3C27;
					};
					BF5A36B42A0D3956001A3C27 = {
						CreatedOnToolsVersion = 14.2;
						TestTargetID = BF5A369A2A0D3954001A3C27;
					};
				};
			};
			buildConfigurationList = BF5A36962A0D3954001A3C27 /* Build configuration list for PBXProject "GameRockPaperScissorsSwiftUI" */;
			compatibilityVersion = "Xcode 14.0";
			developmentRegion = en;
			hasScannedForEncodings = 0;
			knownRegions = (
				en,
				Base,
			);
			mainGroup = BF5A36922A0D3954001A3C27;
			productRefGroup = BF5A369C2A0D3954001A3C27 /* Products */;
			projectDirPath = "";
			projectRoot = "";
			targets = (
				BF5A369A2A0D3954001A3C27 /* GameRockPaperScissorsSwiftUI */,
				BF5A36AA2A0D3956001A3C27 /* GameRockPaperScissorsSwiftUITests */,
				BF5A36B42A0D3956001A3C27 /* GameRockPaperScissorsSwiftUIUITests */,
			);
		};
/* End PBXProject section */

/* Begin PBXResourcesBuildPhase section */
		BF5A36992A0D3954001A3C27 /* Resources */ = {
			isa = PBXResourcesBuildPhase;
			buildActionMask = 2147483647;
			files = (
				BF5A36A62A0D3956001A3C27 /* Preview Assets.xcassets in Resources */,
				BF5A36A32A0D3956001A3C27 /* Assets.xcassets in Resources */,
			);
			runOnlyForDeploymentPostprocessing = 0;
		};
		BF5A36A92A0D3956001A3C27 /* Resources */ = {
			isa = PBXResourcesBuildPhase;
			buildActionMask = 2147483647;
			files = (
			);
			runOnlyForDeploymentPostprocessing = 0;
		};
		BF5A36B32A0D3956001A3C27 /* Resources */ = {
			isa = PBXResourcesBuildPhase;
			buildActionMask = 2147483647;
			files = (
			);
			runOnlyForDeploymentPostprocessing = 0;
		};
/* End PBXResourcesBuildPhase section */

/* Begin PBXSourcesBuildPhase section */
		BF5A36972A0D3954001A3C27 /* Sources */ = {
			isa = PBXSourcesBuildPhase;
			buildActionMask = 2147483647;
			files = (
				BF5A36D52A0D3A12001A3C27 /* DottedSpinner.swift in Sources */,
				BF5A36CB2A0D39C0001A3C27 /* SinglePlayer.swift in Sources */,
				BF5A36D32A0D3A05001A3C27 /* PurpleButton.swift in Sources */,
				BF5A36C92A0D39B3001A3C27 /* MultiPlayer.swift in Sources */,
				BF5A36CF2A0D39E5001A3C27 /* ChoiceButton.swift in Sources */,
				BF5A36D12A0D39F7001A3C27 /* ResultButton.swift in Sources */,
				BF5A36CD2A0D39CC001A3C27 /* Enums.swift in Sources */,
				BF5A36A12A0D3954001A3C27 /* ContentView.swift in Sources */,
				BF5A369F2A0D3954001A3C27 /* GameRockPaperScissorsSwiftUIApp.swift in Sources */,
			);
			runOnlyForDeploymentPostprocessing = 0;
		};
		BF5A36A72A0D3956001A3C27 /* Sources */ = {
			isa = PBXSourcesBuildPhase;
			buildActionMask = 2147483647;
			files = (
				BF5A36B02A0D3956001A3C27 /* GameRockPaperScissorsSwiftUITests.swift in Sources */,
			);
			runOnlyForDeploymentPostprocessing = 0;
		};
		BF5A36B12A0D3956001A3C27 /* Sources */ = {
			isa = PBXSourcesBuildPhase;
			buildActionMask = 2147483647;
			files = (
				BF5A36BA2A0D3956001A3C27 /* GameRockPaperScissorsSwiftUIUITests.swift in Sources */,
				BF5A36BC2A0D3956001A3C27 /* GameRockPaperScissorsSwiftUIUITestsLaunchTests.swift in Sources */,
			);
			runOnlyForDeploymentPostprocessing = 0;
		};
/* End PBXSourcesBuildPhase section */

/* Begin PBXTargetDependency section */
		BF5A36AD2A0D3956001A3C27 /* PBXTargetDependency */ = {
			isa = PBXTargetDependency;
			target = BF5A369A2A0D3954001A3C27 /* GameRockPaperScissorsSwiftUI */;
			targetProxy = BF5A36AC2A0D3956001A3C27 /* PBXContainerItemProxy */;
		};
		BF5A36B72A0D3956001A3C27 /* PBXTargetDependency */ = {
			isa = PBXTargetDependency;
			target = BF5A369A2A0D3954001A3C27 /* GameRockPaperScissorsSwiftUI */;
			targetProxy = BF5A36B62A0D3956001A3C27 /* PBXContainerItemProxy */;
		};
/* End PBXTargetDependency section */

/* Begin XCBuildConfiguration section */
		BF5A36BD2A0D3956001A3C27 /* Debug */ = {
			isa = XCBuildConfiguration;
			buildSettings = {
				ALWAYS_SEARCH_USER_PATHS = NO;
				CLANG_ANALYZER_NONNULL = YES;
				CLANG_ANALYZER_NUMBER_OBJECT_CONVERSION = YES_AGGRESSIVE;
				CLANG_CXX_LANGUAGE_STANDARD = "gnu++20";
				CLANG_ENABLE_MODULES = YES;
				CLANG_ENABLE_OBJC_ARC = YES;
				CLANG_ENABLE_OBJC_WEAK = YES;
				CLANG_WARN_BLOCK_CAPTURE_AUTORELEASING = YES;
				CLANG_WARN_BOOL_CONVERSION = YES;
				CLANG_WARN_COMMA = YES;
				CLANG_WARN_CONSTANT_CONVERSION = YES;
				CLANG_WARN_DEPRECATED_OBJC_IMPLEMENTATIONS = YES;
				CLANG_WARN_DIRECT_OBJC_ISA_USAGE = YES_ERROR;
				CLANG_WARN_DOCUMENTATION_COMMENTS = YES;
				CLANG_WARN_EMPTY_BODY = YES;
				CLANG_WARN_ENUM_CONVERSION = YES;
				CLANG_WARN_INFINITE_RECURSION = YES;
				CLANG_WARN_INT_CONVERSION = YES;
				CLANG_WARN_NON_LITERAL_NULL_CONVERSION = YES;
				CLANG_WARN_OBJC_IMPLICIT_RETAIN_SELF = YES;
				CLANG_WARN_OBJC_LITERAL_CONVERSION = YES;
				CLANG_WARN_OBJC_ROOT_CLASS = YES_ERROR;
				CLANG_WARN_QUOTED_INCLUDE_IN_FRAMEWORK_HEADER = YES;
				CLANG_WARN_RANGE_LOOP_ANALYSIS = YES;
				CLANG_WARN_STRICT_PROTOTYPES = YES;
				CLANG_WARN_SUSPICIOUS_MOVE = YES;
				CLANG_WARN_UNGUARDED_AVAILABILITY = YES_AGGRESSIVE;
				CLANG_WARN_UNREACHABLE_CODE = YES;
				CLANG_WARN__DUPLICATE_METHOD_MATCH = YES;
				COPY_PHASE_STRIP = NO;
				DEBUG_INFORMATION_FORMAT = dwarf;
				ENABLE_STRICT_OBJC_MSGSEND = YES;
				ENABLE_TESTABILITY = YES;
				GCC_C_LANGUAGE_STANDARD = gnu11;
				GCC_DYNAMIC_NO_PIC = NO;
				GCC_NO_COMMON_BLOCKS = YES;
				GCC_OPTIMIZATION_LEVEL = 0;
				GCC_PREPROCESSOR_DEFINITIONS = (
					"DEBUG=1",
					"$(inherited)",
				);
				GCC_WARN_64_TO_32_BIT_CONVERSION = YES;
				GCC_WARN_ABOUT_RETURN_TYPE = YES_ERROR;
				GCC_WARN_UNDECLARED_SELECTOR = YES;
				GCC_WARN_UNINITIALIZED_AUTOS = YES_AGGRESSIVE;
				GCC_WARN_UNUSED_FUNCTION = YES;
				GCC_WARN_UNUSED_VARIABLE = YES;
				IPHONEOS_DEPLOYMENT_TARGET = 16.2;
				MTL_ENABLE_DEBUG_INFO = INCLUDE_SOURCE;
				MTL_FAST_MATH = YES;
				ONLY_ACTIVE_ARCH = YES;
				SDKROOT = iphoneos;
				SWIFT_ACTIVE_COMPILATION_CONDITIONS = DEBUG;
				SWIFT_OPTIMIZATION_LEVEL = "-Onone";
			};
			name = Debug;
		};
		BF5A36BE2A0D3956001A3C27 /* Release */ = {
			isa = XCBuildConfiguration;
			buildSettings = {
				ALWAYS_SEARCH_USER_PATHS = NO;
				CLANG_ANALYZER_NONNULL = YES;
				CLANG_ANALYZER_NUMBER_OBJECT_CONVERSION = YES_AGGRESSIVE;
				CLANG_CXX_LANGUAGE_STANDARD = "gnu++20";
				CLANG_ENABLE_MODULES = YES;
				CLANG_ENABLE_OBJC_ARC = YES;
				CLANG_ENABLE_OBJC_WEAK = YES;
				CLANG_WARN_BLOCK_CAPTURE_AUTORELEASING = YES;
				CLANG_WARN_BOOL_CONVERSION = YES;
				CLANG_WARN_COMMA = YES;
				CLANG_WARN_CONSTANT_CONVERSION = YES;
				CLANG_WARN_DEPRECATED_OBJC_IMPLEMENTATIONS = YES;
				CLANG_WARN_DIRECT_OBJC_ISA_USAGE = YES_ERROR;
				CLANG_WARN_DOCUMENTATION_COMMENTS = YES;
				CLANG_WARN_EMPTY_BODY = YES;
				CLANG_WARN_ENUM_CONVERSION = YES;
				CLANG_WARN_INFINITE_RECURSION = YES;
				CLANG_WARN_INT_CONVERSION = YES;
				CLANG_WARN_NON_LITERAL_NULL_CONVERSION = YES;
				CLANG_WARN_OBJC_IMPLICIT_RETAIN_SELF = YES;
				CLANG_WARN_OBJC_LITERAL_CONVERSION = YES;
				CLANG_WARN_OBJC_ROOT_CLASS = YES_ERROR;
				CLANG_WARN_QUOTED_INCLUDE_IN_FRAMEWORK_HEADER = YES;
				CLANG_WARN_RANGE_LOOP_ANALYSIS = YES;
				CLANG_WARN_STRICT_PROTOTYPES = YES;
				CLANG_WARN_SUSPICIOUS_MOVE = YES;
				CLANG_WARN_UNGUARDED_AVAILABILITY = YES_AGGRESSIVE;
				CLANG_WARN_UNREACHABLE_CODE = YES;
				CLANG_WARN__DUPLICATE_METHOD_MATCH = YES;
				COPY_PHASE_STRIP = NO;
				DEBUG_INFORMATION_FORMAT = "dwarf-with-dsym";
				ENABLE_NS_ASSERTIONS = NO;
				ENABLE_STRICT_OBJC_MSGSEND = YES;
				GCC_C_LANGUAGE_STANDARD = gnu11;
				GCC_NO_COMMON_BLOCKS = YES;
				GCC_WARN_64_TO_32_BIT_CONVERSION = YES;
				GCC_WARN_ABOUT_RETURN_TYPE = YES_ERROR;
				GCC_WARN_UNDECLARED_SELECTOR = YES;
				GCC_WARN_UNINITIALIZED_AUTOS = YES_AGGRESSIVE;
				GCC_WARN_UNUSED_FUNCTION = YES;
				GCC_WARN_UNUSED_VARIABLE = YES;
				IPHONEOS_DEPLOYMENT_TARGET = 16.2;
				MTL_ENABLE_DEBUG_INFO = NO;
				MTL_FAST_MATH = YES;
				SDKROOT = iphoneos;
				SWIFT_COMPILATION_MODE = wholemodule;
				SWIFT_OPTIMIZATION_LEVEL = "-O";
				VALIDATE_PRODUCT = YES;
			};
			name = Release;
		};
		BF5A36C02A0D3956001A3C27 /* Debug */ = {
			isa = XCBuildConfiguration;
			buildSettings = {
				ASSETCATALOG_COMPILER_APPICON_NAME = AppIcon;
				ASSETCATALOG_COMPILER_GLOBAL_ACCENT_COLOR_NAME = AccentColor;
				CODE_SIGN_STYLE = Automatic;
				CURRENT_PROJECT_VERSION = 1;
				DEVELOPMENT_ASSET_PATHS = "\"GameRockPaperScissorsSwiftUI/Preview Content\"";
				DEVELOPMENT_TEAM = YG6M4RNT84;
				ENABLE_PREVIEWS = YES;
				GENERATE_INFOPLIST_FILE = YES;
				INFOPLIST_KEY_UIApplicationSceneManifest_Generation = YES;
				INFOPLIST_KEY_UIApplicationSupportsIndirectInputEvents = YES;
				INFOPLIST_KEY_UILaunchScreen_Generation = YES;
				INFOPLIST_KEY_UISupportedInterfaceOrientations_iPad = "UIInterfaceOrientationPortrait UIInterfaceOrientationPortraitUpsideDown UIInterfaceOrientationLandscapeLeft UIInterfaceOrientationLandscapeRight";
				INFOPLIST_KEY_UISupportedInterfaceOrientations_iPhone = "UIInterfaceOrientationPortrait UIInterfaceOrientationLandscapeLeft UIInterfaceOrientationLandscapeRight";
				LD_RUNPATH_SEARCH_PATHS = (
					"$(inherited)",
					"@executable_path/Frameworks",
				);
				MARKETING_VERSION = 1.0;
				PRODUCT_BUNDLE_IDENTIFIER = "tule-project.GameRockPaperScissorsSwiftUI";
				PRODUCT_NAME = "$(TARGET_NAME)";
				SWIFT_EMIT_LOC_STRINGS = YES;
				SWIFT_VERSION = 5.0;
				TARGETED_DEVICE_FAMILY = "1,2";
			};
			name = Debug;
		};
		BF5A36C12A0D3956001A3C27 /* Release */ = {
			isa = XCBuildConfiguration;
			buildSettings = {
				ASSETCATALOG_COMPILER_APPICON_NAME = AppIcon;
				ASSETCATALOG_COMPILER_GLOBAL_ACCENT_COLOR_NAME = AccentColor;
				CODE_SIGN_STYLE = Automatic;
				CURRENT_PROJECT_VERSION = 1;
				DEVELOPMENT_ASSET_PATHS = "\"GameRockPaperScissorsSwiftUI/Preview Content\"";
				DEVELOPMENT_TEAM = YG6M4RNT84;
				ENABLE_PREVIEWS = YES;
				GENERATE_INFOPLIST_FILE = YES;
				INFOPLIST_KEY_UIApplicationSceneManifest_Generation = YES;
				INFOPLIST_KEY_UIApplicationSupportsIndirectInputEvents = YES;
				INFOPLIST_KEY_UILaunchScreen_Generation = YES;
				INFOPLIST_KEY_UISupportedInterfaceOrientations_iPad = "UIInterfaceOrientationPortrait UIInterfaceOrientationPortraitUpsideDown UIInterfaceOrientationLandscapeLeft UIInterfaceOrientationLandscapeRight";
				INFOPLIST_KEY_UISupportedInterfaceOrientations_iPhone = "UIInterfaceOrientationPortrait UIInterfaceOrientationLandscapeLeft UIInterfaceOrientationLandscapeRight";
				LD_RUNPATH_SEARCH_PATHS = (
					"$(inherited)",
					"@executable_path/Frameworks",
				);
				MARKETING_VERSION = 1.0;
				PRODUCT_BUNDLE_IDENTIFIER = "tule-project.GameRockPaperScissorsSwiftUI";
				PRODUCT_NAME = "$(TARGET_NAME)";
				SWIFT_EMIT_LOC_STRINGS = YES;
				SWIFT_VERSION = 5.0;
				TARGETED_DEVICE_FAMILY = "1,2";
			};
			name = Release;
		};
		BF5A36C32A0D3956001A3C27 /* Debug */ = {
			isa = XCBuildConfiguration;
			buildSettings = {
				ALWAYS_EMBED_SWIFT_STANDARD_LIBRARIES = YES;
				BUNDLE_LOADER = "$(TEST_HOST)";
				CODE_SIGN_STYLE = Automatic;
				CURRENT_PROJECT_VERSION = 1;
				DEVELOPMENT_TEAM = YG6M4RNT84;
				GENERATE_INFOPLIST_FILE = YES;
				IPHONEOS_DEPLOYMENT_TARGET = 16.2;
				MARKETING_VERSION = 1.0;
				PRODUCT_BUNDLE_IDENTIFIER = "tule-project.GameRockPaperScissorsSwiftUITests";
				PRODUCT_NAME = "$(TARGET_NAME)";
				SWIFT_EMIT_LOC_STRINGS = NO;
				SWIFT_VERSION = 5.0;
				TARGETED_DEVICE_FAMILY = "1,2";
				TEST_HOST = "$(BUILT_PRODUCTS_DIR)/GameRockPaperScissorsSwiftUI.app/$(BUNDLE_EXECUTABLE_FOLDER_PATH)/GameRockPaperScissorsSwiftUI";
			};
			name = Debug;
		};
		BF5A36C42A0D3956001A3C27 /* Release */ = {
			isa = XCBuildConfiguration;
			buildSettings = {
				ALWAYS_EMBED_SWIFT_STANDARD_LIBRARIES = YES;
				BUNDLE_LOADER = "$(TEST_HOST)";
				CODE_SIGN_STYLE = Automatic;
				CURRENT_PROJECT_VERSION = 1;
				DEVELOPMENT_TEAM = YG6M4RNT84;
				GENERATE_INFOPLIST_FILE = YES;
				IPHONEOS_DEPLOYMENT_TARGET = 16.2;
				MARKETING_VERSION = 1.0;
				PRODUCT_BUNDLE_IDENTIFIER = "tule-project.GameRockPaperScissorsSwiftUITests";
				PRODUCT_NAME = "$(TARGET_NAME)";
				SWIFT_EMIT_LOC_STRINGS = NO;
				SWIFT_VERSION = 5.0;
				TARGETED_DEVICE_FAMILY = "1,2";
				TEST_HOST = "$(BUILT_PRODUCTS_DIR)/GameRockPaperScissorsSwiftUI.app/$(BUNDLE_EXECUTABLE_FOLDER_PATH)/GameRockPaperScissorsSwiftUI";
			};
			name = Release;
		};
		BF5A36C62A0D3956001A3C27 /* Debug */ = {
			isa = XCBuildConfiguration;
			buildSettings = {
				ALWAYS_EMBED_SWIFT_STANDARD_LIBRARIES = YES;
				CODE_SIGN_STYLE = Automatic;
				CURRENT_PROJECT_VERSION = 1;
				DEVELOPMENT_TEAM = YG6M4RNT84;
				GENERATE_INFOPLIST_FILE = YES;
				MARKETING_VERSION = 1.0;
				PRODUCT_BUNDLE_IDENTIFIER = "tule-project.GameRockPaperScissorsSwiftUIUITests";
				PRODUCT_NAME = "$(TARGET_NAME)";
				SWIFT_EMIT_LOC_STRINGS = NO;
				SWIFT_VERSION = 5.0;
				TARGETED_DEVICE_FAMILY = "1,2";
				TEST_TARGET_NAME = GameRockPaperScissorsSwiftUI;
			};
			name = Debug;
		};
		BF5A36C72A0D3956001A3C27 /* Release */ = {
			isa = XCBuildConfiguration;
			buildSettings = {
				ALWAYS_EMBED_SWIFT_STANDARD_LIBRARIES = YES;
				CODE_SIGN_STYLE = Automatic;
				CURRENT_PROJECT_VERSION = 1;
				DEVELOPMENT_TEAM = YG6M4RNT84;
				GENERATE_INFOPLIST_FILE = YES;
				MARKETING_VERSION = 1.0;
				PRODUCT_BUNDLE_IDENTIFIER = "tule-project.GameRockPaperScissorsSwiftUIUITests";
				PRODUCT_NAME = "$(TARGET_NAME)";
				SWIFT_EMIT_LOC_STRINGS = NO;
				SWIFT_VERSION = 5.0;
				TARGETED_DEVICE_FAMILY = "1,2";
				TEST_TARGET_NAME = GameRockPaperScissorsSwiftUI;
			};
			name = Release;
		};
/* End XCBuildConfiguration section */

/* Begin XCConfigurationList section */
		BF5A36962A0D3954001A3C27 /* Build configuration list for PBXProject "GameRockPaperScissorsSwiftUI" */ = {
			isa = XCConfigurationList;
			buildConfigurations = (
				BF5A36BD2A0D3956001A3C27 /* Debug */,
				BF5A36BE2A0D3956001A3C27 /* Release */,
			);
			defaultConfigurationIsVisible = 0;
			defaultConfigurationName = Release;
		};
		BF5A36BF2A0D3956001A3C27 /* Build configuration list for PBXNativeTarget "GameRockPaperScissorsSwiftUI" */ = {
			isa = XCConfigurationList;
			buildConfigurations = (
				BF5A36C02A0D3956001A3C27 /* Debug */,
				BF5A36C12A0D3956001A3C27 /* Release */,
			);
			defaultConfigurationIsVisible = 0;
			defaultConfigurationName = Release;
		};
		BF5A36C22A0D3956001A3C27 /* Build configuration list for PBXNativeTarget "GameRockPaperScissorsSwiftUITests" */ = {
			isa = XCConfigurationList;
			buildConfigurations = (
				BF5A36C32A0D3956001A3C27 /* Debug */,
				BF5A36C42A0D3956001A3C27 /* Release */,
			);
			defaultConfigurationIsVisible = 0;
			defaultConfigurationName = Release;
		};
		BF5A36C52A0D3956001A3C27 /* Build configuration list for PBXNativeTarget "GameRockPaperScissorsSwiftUIUITests" */ = {
			isa = XCConfigurationList;
			buildConfigurations = (
				BF5A36C62A0D3956001A3C27 /* Debug */,
				BF5A36C72A0D3956001A3C27 /* Release */,
			);
			defaultConfigurationIsVisible = 0;
			defaultConfigurationName = Release;
		};
/* End XCConfigurationList section */
	};
	rootObject = BF5A36932A0D3954001A3C27 /* Project object */;
}
